
Microsoft Visual Studio Solution File, Format Version 12.00
# Visual Studio 15
VisualStudioVersion = 15.0.27703.2042
MinimumVisualStudioVersion = 10.0.40219.1
Project("{FAE04EC0-301F-11D3-BF4B-00C04F79EFBC}") = "LansdE.Android", "LansdE\LansdE.Android\LansdE.Android.csproj", "{EBD3952A-C5F7-4E24-9D09-0F899263876A}"
EndProject
Project("{FAE04EC0-301F-11D3-BF4B-00C04F79EFBC}") = "LansdE.iOS", "LansdE\LansdE.iOS\LansdE.iOS.csproj", "{78314EE8-98D9-4B36-B28F-1F5523C23BCE}"
EndProject
Project("{FAE04EC0-301F-11D3-BF4B-00C04F79EFBC}") = "LansdE", "LansdE\LansdE\LansdE.csproj", "{B530B1F3-938B-4F0C-9980-47D00ACCC38C}"
EndProject
Global
	GlobalSection(SolutionConfigurationPlatforms) = preSolution
		Ad-Hoc|Any CPU = Ad-Hoc|Any CPU
		Ad-Hoc|iPhone = Ad-Hoc|iPhone
		Ad-Hoc|iPhoneSimulator = Ad-Hoc|iPhoneSimulator
		AppStore|Any CPU = AppStore|Any CPU
		AppStore|iPhone = AppStore|iPhone
		AppStore|iPhoneSimulator = AppStore|iPhoneSimulator
		Debug|Any CPU = Debug|Any CPU
		Debug|iPhone = Debug|iPhone
		Debug|iPhoneSimulator = Debug|iPhoneSimulator
		Release|Any CPU = Release|Any CPU
		Release|iPhone = Release|iPhone
		Release|iPhoneSimulator = Release|iPhoneSimulator
	EndGlobalSection
	GlobalSection(ProjectConfigurationPlatforms) = postSolution
		{EBD3952A-C5F7-4E24-9D09-0F899263876A}.Ad-Hoc|Any CPU.ActiveCfg = Release|Any CPU
		{EBD3952A-C5F7-4E24-9D09-0F899263876A}.Ad-Hoc|Any CPU.Build.0 = Release|Any CPU
		{EBD3952A-C5F7-4E24-9D09-0F899263876A}.Ad-Hoc|Any CPU.Deploy.0 = Release|Any CPU
		{EBD3952A-C5F7-4E24-9D09-0F899263876A}.Ad-Hoc|iPhone.ActiveCfg = Release|Any CPU
		{EBD3952A-C5F7-4E24-9D09-0F899263876A}.Ad-Hoc|iPhone.Build.0 = Release|Any CPU
		{EBD3952A-C5F7-4E24-9D09-0F899263876A}.Ad-Hoc|iPhone.Deploy.0 = Release|Any CPU
		{EBD3952A-C5F7-4E24-9D09-0F899263876A}.Ad-Hoc|iPhoneSimulator.ActiveCfg = Release|Any CPU
		{EBD3952A-C5F7-4E24-9D09-0F899263876A}.Ad-Hoc|iPhoneSimulator.Build.0 = Release|Any CPU
		{EBD3952A-C5F7-4E24-9D09-0F899263876A}.Ad-Hoc|iPhoneSimulator.Deploy.0 = Release|Any CPU
		{EBD3952A-C5F7-4E24-9D09-0F899263876A}.AppStore|Any CPU.ActiveCfg = Release|Any CPU
		{EBD3952A-C5F7-4E24-9D09-0F899263876A}.AppStore|Any CPU.Build.0 = Release|Any CPU
		{EBD3952A-C5F7-4E24-9D09-0F899263876A}.AppStore|Any CPU.Deploy.0 = Release|Any CPU
		{EBD3952A-C5F7-4E24-9D09-0F899263876A}.AppStore|iPhone.ActiveCfg = Release|Any CPU
		{EBD3952A-C5F7-4E24-9D09-0F899263876A}.AppStore|iPhone.Build.0 = Release|Any CPU
		{EBD3952A-C5F7-4E24-9D09-0F899263876A}.AppStore|iPhone.Deploy.0 = Release|Any CPU
		{EBD3952A-C5F7-4E24-9D09-0F899263876A}.AppStore|iPhoneSimulator.ActiveCfg = Release|Any CPU
		{EBD3952A-C5F7-4E24-9D09-0F899263876A}.AppStore|iPhoneSimulator.Build.0 = Release|Any CPU
		{EBD3952A-C5F7-4E24-9D09-0F899263876A}.AppStore|iPhoneSimulator.Deploy.0 = Release|Any CPU
		{EBD3952A-C5F7-4E24-9D09-0F899263876A}.Debug|Any CPU.ActiveCfg = Debug|Any CPU
		{EBD3952A-C5F7-4E24-9D09-0F899263876A}.Debug|Any CPU.Build.0 = Debug|Any CPU
		{EBD3952A-C5F7-4E24-9D09-0F899263876A}.Debug|Any CPU.Deploy.0 = Debug|Any CPU
		{EBD3952A-C5F7-4E24-9D09-0F899263876A}.Debug|iPhone.ActiveCfg = Debug|Any CPU
		{EBD3952A-C5F7-4E24-9D09-0F899263876A}.Debug|iPhone.Build.0 = Debug|Any CPU
		{EBD3952A-C5F7-4E24-9D09-0F899263876A}.Debug|iPhone.Deploy.0 = Debug|Any CPU
		{EBD3952A-C5F7-4E24-9D09-0F899263876A}.Debug|iPhoneSimulator.ActiveCfg = Debug|Any CPU
		{EBD3952A-C5F7-4E24-9D09-0F899263876A}.Debug|iPhoneSimulator.Build.0 = Debug|Any CPU
		{EBD3952A-C5F7-4E24-9D09-0F899263876A}.Debug|iPhoneSimulator.Deploy.0 = Debug|Any CPU
		{EBD3952A-C5F7-4E24-9D09-0F899263876A}.Release|Any CPU.ActiveCfg = Release|Any CPU
		{EBD3952A-C5F7-4E24-9D09-0F899263876A}.Release|Any CPU.Build.0 = Release|Any CPU
		{EBD3952A-C5F7-4E24-9D09-0F899263876A}.Release|Any CPU.Deploy.0 = Release|Any CPU
		{EBD3952A-C5F7-4E24-9D09-0F899263876A}.Release|iPhone.ActiveCfg = Release|Any CPU
		{EBD3952A-C5F7-4E24-9D09-0F899263876A}.Release|iPhone.Build.0 = Release|Any CPU
		{EBD3952A-C5F7-4E24-9D09-0F899263876A}.Release|iPhone.Deploy.0 = Release|Any CPU
		{EBD3952A-C5F7-4E24-9D09-0F899263876A}.Release|iPhoneSimulator.ActiveCfg = Release|Any CPU
		{EBD3952A-C5F7-4E24-9D09-0F899263876A}.Release|iPhoneSimulator.Build.0 = Release|Any CPU
		{EBD3952A-C5F7-4E24-9D09-0F899263876A}.Release|iPhoneSimulator.Deploy.0 = Release|Any CPU
		{78314EE8-98D9-4B36-B28F-1F5523C23BCE}.Ad-Hoc|Any CPU.ActiveCfg = Ad-Hoc|iPhone
		{78314EE8-98D9-4B36-B28F-1F5523C23BCE}.Ad-Hoc|Any CPU.Build.0 = Ad-Hoc|iPhone
		{78314EE8-98D9-4B36-B28F-1F5523C23BCE}.Ad-Hoc|Any CPU.Deploy.0 = Ad-Hoc|iPhone
		{78314EE8-98D9-4B36-B28F-1F5523C23BCE}.Ad-Hoc|iPhone.ActiveCfg = Ad-Hoc|iPhone
		{78314EE8-98D9-4B36-B28F-1F5523C23BCE}.Ad-Hoc|iPhone.Build.0 = Ad-Hoc|iPhone
		{78314EE8-98D9-4B36-B28F-1F5523C23BCE}.Ad-Hoc|iPhone.Deploy.0 = Ad-Hoc|iPhone
		{78314EE8-98D9-4B36-B28F-1F5523C23BCE}.Ad-Hoc|iPhoneSimulator.ActiveCfg = Ad-Hoc|iPhoneSimulator
		{78314EE8-98D9-4B36-B28F-1F5523C23BCE}.Ad-Hoc|iPhoneSimulator.Build.0 = Ad-Hoc|iPhoneSimulator
		{78314EE8-98D9-4B36-B28F-1F5523C23BCE}.Ad-Hoc|iPhoneSimulator.Deploy.0 = Ad-Hoc|iPhoneSimulator
		{78314EE8-98D9-4B36-B28F-1F5523C23BCE}.AppStore|Any CPU.ActiveCfg = AppStore|iPhone
		{78314EE8-98D9-4B36-B28F-1F5523C23BCE}.AppStore|Any CPU.Build.0 = AppStore|iPhone
		{78314EE8-98D9-4B36-B28F-1F5523C23BCE}.AppStore|Any CPU.Deploy.0 = AppStore|iPhone
		{78314EE8-98D9-4B36-B28F-1F5523C23BCE}.AppStore|iPhone.ActiveCfg = AppStore|iPhone
		{78314EE8-98D9-4B36-B28F-1F5523C23BCE}.AppStore|iPhone.Build.0 = AppStore|iPhone
		{78314EE8-98D9-4B36-B28F-1F5523C23BCE}.AppStore|iPhone.Deploy.0 = AppStore|iPhone
		{78314EE8-98D9-4B36-B28F-1F5523C23BCE}.AppStore|iPhoneSimulator.ActiveCfg = AppStore|iPhoneSimulator
		{78314EE8-98D9-4B36-B28F-1F5523C23BCE}.AppStore|iPhoneSimulator.Build.0 = AppStore|iPhoneSimulator
		{78314EE8-98D9-4B36-B28F-1F5523C23BCE}.AppStore|iPhoneSimulator.Deploy.0 = AppStore|iPhoneSimulator
		{78314EE8-98D9-4B36-B28F-1F5523C23BCE}.Debug|Any CPU.ActiveCfg = Debug|iPhoneSimulator
		{78314EE8-98D9-4B36-B28F-1F5523C23BCE}.Debug|Any CPU.Build.0 = Debug|iPhoneSimulator
		{78314EE8-98D9-4B36-B28F-1F5523C23BCE}.Debug|Any CPU.Deploy.0 = Debug|iPhoneSimulator
		{78314EE8-98D9-4B36-B28F-1F5523C23BCE}.Debug|iPhone.ActiveCfg = Debug|iPhone
		{78314EE8-98D9-4B36-B28F-1F5523C23BCE}.Debug|iPhone.Build.0 = Debug|iPhone
		{78314EE8-98D9-4B36-B28F-1F5523C23BCE}.Debug|iPhone.Deploy.0 = Debug|iPhone
		{78314EE8-98D9-4B36-B28F-1F5523C23BCE}.Debug|iPhoneSimulator.ActiveCfg = Debug|iPhoneSimulator
		{78314EE8-98D9-4B36-B28F-1F5523C23BCE}.Debug|iPhoneSimulator.Build.0 = Debug|iPhoneSimulator
		{78314EE8-98D9-4B36-B28F-1F5523C23BCE}.Debug|iPhoneSimulator.Deploy.0 = Debug|iPhoneSimulator
		{78314EE8-98D9-4B36-B28F-1F5523C23BCE}.Release|Any CPU.ActiveCfg = Release|iPhone
		{78314EE8-98D9-4B36-B28F-1F5523C23BCE}.Release|Any CPU.Build.0 = Release|iPhone
		{78314EE8-98D9-4B36-B28F-1F5523C23BCE}.Release|Any CPU.Deploy.0 = Release|iPhone
		{78314EE8-98D9-4B36-B28F-1F5523C23BCE}.Release|iPhone.ActiveCfg = Release|iPhone
		{78314EE8-98D9-4B36-B28F-1F5523C23BCE}.Release|iPhone.Build.0 = Release|iPhone
		{78314EE8-98D9-4B36-B28F-1F5523C23BCE}.Release|iPhone.Deploy.0 = Release|iPhone
		{78314EE8-98D9-4B36-B28F-1F5523C23BCE}.Release|iPhoneSimulator.ActiveCfg = Release|iPhoneSimulator
		{78314EE8-98D9-4B36-B28F-1F5523C23BCE}.Release|iPhoneSimulator.Build.0 = Release|iPhoneSimulator
		{78314EE8-98D9-4B36-B28F-1F5523C23BCE}.Release|iPhoneSimulator.Deploy.0 = Release|iPhoneSimulator
		{B530B1F3-938B-4F0C-9980-47D00ACCC38C}.Ad-Hoc|Any CPU.ActiveCfg = Debug|Any CPU
		{B530B1F3-938B-4F0C-9980-47D00ACCC38C}.Ad-Hoc|Any CPU.Build.0 = Debug|Any CPU
		{B530B1F3-938B-4F0C-9980-47D00ACCC38C}.Ad-Hoc|Any CPU.Deploy.0 = Debug|Any CPU
		{B530B1F3-938B-4F0C-9980-47D00ACCC38C}.Ad-Hoc|iPhone.ActiveCfg = Debug|Any CPU
		{B530B1F3-938B-4F0C-9980-47D00ACCC38C}.Ad-Hoc|iPhone.Build.0 = Debug|Any CPU
		{B530B1F3-938B-4F0C-9980-47D00ACCC38C}.Ad-Hoc|iPhone.Deploy.0 = Debug|Any CPU
		{B530B1F3-938B-4F0C-9980-47D00ACCC38C}.Ad-Hoc|iPhoneSimulator.ActiveCfg = Debug|Any CPU
		{B530B1F3-938B-4F0C-9980-47D00ACCC38C}.Ad-Hoc|iPhoneSimulator.Build.0 = Debug|Any CPU
		{B530B1F3-938B-4F0C-9980-47D00ACCC38C}.Ad-Hoc|iPhoneSimulator.Deploy.0 = Debug|Any CPU
		{B530B1F3-938B-4F0C-9980-47D00ACCC38C}.AppStore|Any CPU.ActiveCfg = Debug|Any CPU
		{B530B1F3-938B-4F0C-9980-47D00ACCC38C}.AppStore|Any CPU.Build.0 = Debug|Any CPU
		{B530B1F3-938B-4F0C-9980-47D00ACCC38C}.AppStore|Any CPU.Deploy.0 = Debug|Any CPU
		{B530B1F3-938B-4F0C-9980-47D00ACCC38C}.AppStore|iPhone.ActiveCfg = Debug|Any CPU
		{B530B1F3-938B-4F0C-9980-47D00ACCC38C}.AppStore|iPhone.Build.0 = Debug|Any CPU
		{B530B1F3-938B-4F0C-9980-47D00ACCC38C}.AppStore|iPhone.Deploy.0 = Debug|Any CPU
		{B530B1F3-938B-4F0C-9980-47D00ACCC38C}.AppStore|iPhoneSimulator.ActiveCfg = Debug|Any CPU
		{B530B1F3-938B-4F0C-9980-47D00ACCC38C}.AppStore|iPhoneSimulator.Build.0 = Debug|Any CPU
		{B530B1F3-938B-4F0C-9980-47D00ACCC38C}.AppStore|iPhoneSimulator.Deploy.0 = Debug|Any CPU
		{B530B1F3-938B-4F0C-9980-47D00ACCC38C}.Debug|Any CPU.ActiveCfg = Debug|Any CPU
		{B530B1F3-938B-4F0C-9980-47D00ACCC38C}.Debug|Any CPU.Build.0 = Debug|Any CPU
		{B530B1F3-938B-4F0C-9980-47D00ACCC38C}.Debug|Any CPU.Deploy.0 = Debug|Any CPU
		{B530B1F3-938B-4F0C-9980-47D00ACCC38C}.Debug|iPhone.ActiveCfg = Debug|Any CPU
		{B530B1F3-938B-4F0C-9980-47D00ACCC38C}.Debug|iPhone.Build.0 = Debug|Any CPU
		{B530B1F3-938B-4F0C-9980-47D00ACCC38C}.Debug|iPhone.Deploy.0 = Debug|Any CPU
		{B530B1F3-938B-4F0C-9980-47D00ACCC38C}.Debug|iPhoneSimulator.ActiveCfg = Debug|Any CPU
		{B530B1F3-938B-4F0C-9980-47D00ACCC38C}.Debug|iPhoneSimulator.Build.0 = Debug|Any CPU
		{B530B1F3-938B-4F0C-9980-47D00ACCC38C}.Debug|iPhoneSimulator.Deploy.0 = Debug|Any CPU
		{B530B1F3-938B-4F0C-9980-47D00ACCC38C}.Release|Any CPU.ActiveCfg = Release|Any CPU
		{B530B1F3-938B-4F0C-9980-47D00ACCC38C}.Release|Any CPU.Build.0 = Release|Any CPU
		{B530B1F3-938B-4F0C-9980-47D00ACCC38C}.Release|Any CPU.Deploy.0 = Release|Any CPU
		{B530B1F3-938B-4F0C-9980-47D00ACCC38C}.Release|iPhone.ActiveCfg = Release|Any CPU
		{B530B1F3-938B-4F0C-9980-47D00ACCC38C}.Release|iPhone.Build.0 = Release|Any CPU
		{B530B1F3-938B-4F0C-9980-47D00ACCC38C}.Release|iPhone.Deploy.0 = Release|Any CPU
		{B530B1F3-938B-4F0C-9980-47D00ACCC38C}.Release|iPhoneSimulator.ActiveCfg = Release|Any CPU
		{B530B1F3-938B-4F0C-9980-47D00ACCC38C}.Release|iPhoneSimulator.Build.0 = Release|Any CPU
		{B530B1F3-938B-4F0C-9980-47D00ACCC38C}.Release|iPhoneSimulator.Deploy.0 = Release|Any CPU
	EndGlobalSection
	GlobalSection(SolutionProperties) = preSolution
		HideSolutionNode = FALSE
	EndGlobalSection
	GlobalSection(ExtensibilityGlobals) = postSolution
		SolutionGuid = {C64BA35B-AC82-47A7-AC72-207EEA832F52}
	EndGlobalSection
EndGlobal
